<?xml version="1.0"?>
<CONFIG>
  <ProjectOptions>
    <PathDelim Value="\"/>
    <Version Value="5"/>
    <General>
      <Flags>
        <MainUnitHasUsesSectionForAllUnits Value="False"/>
        <MainUnitHasCreateFormStatements Value="False"/>
        <MainUnitHasTitleStatement Value="False"/>
      </Flags>
      <MainUnit Value="0"/>
      <ActiveEditorIndexAtStart Value="0"/>
      <IconPath Value="./"/>
      <TargetFileExt Value=".exe"/>
    </General>
    <JumpHistory Count="13" HistoryIndex="12">
      <Position1>
        <Filename Value="rapidhtml.pas"/>
        <Caret Line="20" Column="5" TopLine="16"/>
      </Position1>
      <Position2>
        <Filename Value="C:\PF\coLinux\files\pascal\svn\psp\psp-lib-1.6.X-devel\src\extras\RapidHTML\HTMw.pas"/>
        <Caret Line="305" Column="18" TopLine="272"/>
      </Position2>
      <Position3>
        <Filename Value="C:\PF\coLinux\files\pascal\svn\psp\psp-lib-1.6.X-devel\src\extras\RapidHTML\HTMw.pas"/>
        <Caret Line="776" Column="62" TopLine="753"/>
      </Position3>
      <Position4>
        <Filename Value="C:\PF\coLinux\files\pascal\svn\psp\psp-lib-1.6.X-devel\src\extras\RapidHTML\HTMw.pas"/>
        <Caret Line="64" Column="6" TopLine="31"/>
      </Position4>
      <Position5>
        <Filename Value="C:\PF\coLinux\files\pascal\svn\psp\psp-lib-1.6.X-devel\src\extras\RapidHTML\HTMw.pas"/>
        <Caret Line="281" Column="1" TopLine="262"/>
      </Position5>
      <Position6>
        <Filename Value="C:\PF\coLinux\files\pascal\svn\psp\psp-lib-1.6.X-devel\src\extras\RapidHTML\HTMw.pas"/>
        <Caret Line="199" Column="1" TopLine="199"/>
      </Position6>
      <Position7>
        <Filename Value="rapidhtml.pas"/>
        <Caret Line="7" Column="7" TopLine="1"/>
      </Position7>
      <Position8>
        <Filename Value="C:\PF\coLinux\files\pascal\svn\psp\psp-lib-1.6.X-devel\src\extras\CompactUtils\CompactSysUtils.pas"/>
        <Caret Line="479" Column="17" TopLine="467"/>
      </Position8>
      <Position9>
        <Filename Value="C:\PF\coLinux\files\pascal\svn\psp\psp-lib-1.6.X-devel\src\extras\CompactUtils\CompactSysUtils.pas"/>
        <Caret Line="1" Column="1" TopLine="1"/>
      </Position9>
      <Position10>
        <Filename Value="C:\PF\coLinux\files\pascal\svn\psp\psp-lib-1.6.X-devel\src\extras\CompactUtils\CompactSysUtils.pas"/>
        <Caret Line="301" Column="10" TopLine="268"/>
      </Position10>
      <Position11>
        <Filename Value="C:\PF\coLinux\files\pascal\svn\psp\psp-lib-1.6.X-devel\src\extras\CompactUtils\CompactSysUtils.pas"/>
        <Caret Line="583" Column="70" TopLine="550"/>
      </Position11>
      <Position12>
        <Filename Value="C:\PF\coLinux\files\pascal\svn\psp\psp-lib-1.6.X-devel\src\extras\CompactUtils\CompactSysUtils.pas"/>
        <Caret Line="590" Column="18" TopLine="550"/>
      </Position12>
      <Position13>
        <Filename Value="C:\PF\coLinux\files\pascal\svn\psp\psp-lib-1.6.X-devel\src\extras\CompactUtils\CompactSysUtils.pas"/>
        <Caret Line="1" Column="1" TopLine="1"/>
      </Position13>
    </JumpHistory>
    <Units Count="7">
      <Unit0>
        <CursorPos X="52" Y="58"/>
        <EditorIndex Value="0"/>
        <Filename Value="rapidhtml.pas"/>
        <IsPartOfProject Value="True"/>
        <Loaded Value="True"/>
        <TopLine Value="16"/>
        <UnitName Value="rapidhtml"/>
        <UsageCount Value="36"/>
      </Unit0>
      <Unit1>
        <CursorPos X="79" Y="88"/>
        <Filename Value="whtm.pas"/>
        <TopLine Value="36"/>
        <UnitName Value="wHTM"/>
        <UsageCount Value="17"/>
      </Unit1>
      <Unit2>
        <CursorPos X="1" Y="391"/>
        <Filename Value="C:\PF\coLinux\files\pascal\svn\psp\psp-lib-1.5.0-devel\src\units\pwu_lib.pas"/>
        <TopLine Value="325"/>
        <UnitName Value="pwu_lib"/>
        <UsageCount Value="17"/>
      </Unit2>
      <Unit3>
        <CursorPos X="26" Y="270"/>
        <EditorIndex Value="1"/>
        <Filename Value="C:\PF\coLinux\files\pascal\svn\psp\psp-lib-1.6.X-devel\src\extras\RapidHTML\HTMw.pas"/>
        <Loaded Value="True"/>
        <TopLine Value="252"/>
        <UnitName Value="HTMw"/>
        <UsageCount Value="10"/>
      </Unit3>
      <Unit4>
        <CursorPos X="11" Y="70"/>
        <Filename Value="C:\PF\coLinux\files\pascal\svn\psp\psp-lib-1.6.X-devel\src\extras\CompactUtils\CompactStrUtils.pas"/>
        <TopLine Value="4"/>
        <UnitName Value="CompactStrUtils"/>
        <UsageCount Value="10"/>
      </Unit4>
      <Unit5>
        <CursorPos X="71" Y="304"/>
        <EditorIndex Value="2"/>
        <Filename Value="C:\PF\coLinux\files\pascal\svn\psp\psp-lib-1.6.X-devel\src\extras\CompactUtils\CompactSysUtils.pas"/>
        <Loaded Value="True"/>
        <TopLine Value="272"/>
        <UnitName Value="CompactSysUtils"/>
        <UsageCount Value="10"/>
      </Unit5>
      <Unit6>
        <CursorPos X="1" Y="8"/>
        <EditorIndex Value="3"/>
        <Filename Value="C:\PF\coLinux\files\pascal\svn\psp\psp-lib-1.6.X-devel\src\extras\CompactUtils\compactoldlinux.pas"/>
        <IsPartOfProject Value="True"/>
        <Loaded Value="True"/>
        <TopLine Value="1"/>
        <UnitName Value="CompactOldLinux"/>
        <UsageCount Value="21"/>
      </Unit6>
    </Units>
    <PublishOptions>
      <Version Value="2"/>
      <IgnoreBinaries Value="False"/>
      <IncludeFileFilter Value="*.(pas|pp|inc|lfm|lpr|lrs|lpi|lpk|sh|xml)"/>
      <ExcludeFileFilter Value="*.(bak|ppu|ppw|o|so);*~;backup"/>
    </PublishOptions>
    <RunParams>
      <local>
        <FormatVersion Value="1"/>
        <LaunchingApplication PathPlusParams="/usr/X11R6/bin/xterm -T 'Lazarus Run Output' -e $(LazarusDir)/tools/runwait.sh $(TargetCmdLine)"/>
      </local>
    </RunParams>
  </ProjectOptions>
  <CompilerOptions>
    <Version Value="5"/>
    <PathDelim Value="\"/>
    <SearchPaths>
      <OtherUnitFiles Value="..\;..\..\CompactUtils\;..\..\..\units\;..\..\StrWrap1\VersionF\"/>
    </SearchPaths>
    <Parsing>
      <SyntaxOptions>
        <CStyleMacros Value="True"/>
      </SyntaxOptions>
    </Parsing>
    <CodeGeneration>
      <Generate Value="Faster"/>
    </CodeGeneration>
    <Linking>
      <Debugging>
        <UseLineInfoUnit Value="False"/>
      </Debugging>
    </Linking>
    <Other>
      <CompilerPath Value="$(CompPath)"/>
    </Other>
  </CompilerOptions>
  <Debugging>
    <Exceptions Count="2">
      <Item1>
        <Name Value="ECodetoolError"/>
      </Item1>
      <Item2>
        <Name Value="EFOpenError"/>
      </Item2>
    </Exceptions>
  </Debugging>
</CONFIG>
